
Microsoft Visual Studio Solution File, Format Version 12.00
# Visual Studio 14
VisualStudioVersion = 14.0.25420.1
MinimumVisualStudioVersion = 10.0.40219.1
Project("{FAE04EC0-301F-11D3-BF4B-00C04F79EFBC}") = "sgStationData", "sgStationData\sgStationData.csproj", "{EEA7990E-8359-427E-92E9-2B5838075EBE}"
EndProject
Project("{FAE04EC0-301F-11D3-BF4B-00C04F79EFBC}") = "ConsoleApplication1", "ConsoleApplication1\ConsoleApplication1.csproj", "{BB7CE2D1-C923-47BD-B7D2-D818EEE6AC79}"
EndProject
Global
	GlobalSection(SolutionConfigurationPlatforms) = preSolution
		Debug|Any CPU = Debug|Any CPU
		Release|Any CPU = Release|Any CPU
	EndGlobalSection
	GlobalSection(ProjectConfigurationPlatforms) = postSolution
		{EEA7990E-8359-427E-92E9-2B5838075EBE}.Debug|Any CPU.ActiveCfg = Debug|Any CPU
		{EEA7990E-8359-427E-92E9-2B5838075EBE}.Debug|Any CPU.Build.0 = Debug|Any CPU
		{EEA7990E-8359-427E-92E9-2B5838075EBE}.Debug|Any CPU.Deploy.0 = Debug|Any CPU
		{EEA7990E-8359-427E-92E9-2B5838075EBE}.Release|Any CPU.ActiveCfg = Release|Any CPU
		{EEA7990E-8359-427E-92E9-2B5838075EBE}.Release|Any CPU.Build.0 = Release|Any CPU
		{EEA7990E-8359-427E-92E9-2B5838075EBE}.Release|Any CPU.Deploy.0 = Release|Any CPU
		{BB7CE2D1-C923-47BD-B7D2-D818EEE6AC79}.Debug|Any CPU.ActiveCfg = Debug|Any CPU
		{BB7CE2D1-C923-47BD-B7D2-D818EEE6AC79}.Debug|Any CPU.Build.0 = Debug|Any CPU
		{BB7CE2D1-C923-47BD-B7D2-D818EEE6AC79}.Release|Any CPU.ActiveCfg = Release|Any CPU
		{BB7CE2D1-C923-47BD-B7D2-D818EEE6AC79}.Release|Any CPU.Build.0 = Release|Any CPU
	EndGlobalSection
	GlobalSection(SolutionProperties) = preSolution
		HideSolutionNode = FALSE
	EndGlobalSection
EndGlobal
