
Microsoft Visual Studio Solution File, Format Version 12.00
# Visual Studio 14
VisualStudioVersion = 14.0.25420.1
MinimumVisualStudioVersion = 10.0.40219.1
Project("{FAE04EC0-301F-11D3-BF4B-00C04F79EFBC}") = "sgFavo", "sgFavo\sgFavo.csproj", "{288D94E2-B22A-4896-9920-04E4A9C504B6}"
EndProject
Project("{FAE04EC0-301F-11D3-BF4B-00C04F79EFBC}") = "ConsoleApplication1", "ConsoleApplication1\ConsoleApplication1.csproj", "{A0794910-6C29-47C2-8ECA-9A9E10DA1C38}"
EndProject
Project("{FAE04EC0-301F-11D3-BF4B-00C04F79EFBC}") = "sgFavo2", "sgFavo2\sgFavo2.csproj", "{1D32C4A4-273A-4069-9692-BD215F785550}"
EndProject
Global
	GlobalSection(SolutionConfigurationPlatforms) = preSolution
		Debug|Any CPU = Debug|Any CPU
		Release|Any CPU = Release|Any CPU
	EndGlobalSection
	GlobalSection(ProjectConfigurationPlatforms) = postSolution
		{288D94E2-B22A-4896-9920-04E4A9C504B6}.Debug|Any CPU.ActiveCfg = Debug|Any CPU
		{288D94E2-B22A-4896-9920-04E4A9C504B6}.Debug|Any CPU.Build.0 = Debug|Any CPU
		{288D94E2-B22A-4896-9920-04E4A9C504B6}.Debug|Any CPU.Deploy.0 = Debug|Any CPU
		{288D94E2-B22A-4896-9920-04E4A9C504B6}.Release|Any CPU.ActiveCfg = Release|Any CPU
		{288D94E2-B22A-4896-9920-04E4A9C504B6}.Release|Any CPU.Build.0 = Release|Any CPU
		{288D94E2-B22A-4896-9920-04E4A9C504B6}.Release|Any CPU.Deploy.0 = Release|Any CPU
		{A0794910-6C29-47C2-8ECA-9A9E10DA1C38}.Debug|Any CPU.ActiveCfg = Debug|Any CPU
		{A0794910-6C29-47C2-8ECA-9A9E10DA1C38}.Debug|Any CPU.Build.0 = Debug|Any CPU
		{A0794910-6C29-47C2-8ECA-9A9E10DA1C38}.Release|Any CPU.ActiveCfg = Release|Any CPU
		{A0794910-6C29-47C2-8ECA-9A9E10DA1C38}.Release|Any CPU.Build.0 = Release|Any CPU
		{1D32C4A4-273A-4069-9692-BD215F785550}.Debug|Any CPU.ActiveCfg = Debug|Any CPU
		{1D32C4A4-273A-4069-9692-BD215F785550}.Debug|Any CPU.Build.0 = Debug|Any CPU
		{1D32C4A4-273A-4069-9692-BD215F785550}.Debug|Any CPU.Deploy.0 = Debug|Any CPU
		{1D32C4A4-273A-4069-9692-BD215F785550}.Release|Any CPU.ActiveCfg = Release|Any CPU
		{1D32C4A4-273A-4069-9692-BD215F785550}.Release|Any CPU.Build.0 = Release|Any CPU
		{1D32C4A4-273A-4069-9692-BD215F785550}.Release|Any CPU.Deploy.0 = Release|Any CPU
	EndGlobalSection
	GlobalSection(SolutionProperties) = preSolution
		HideSolutionNode = FALSE
	EndGlobalSection
EndGlobal
